
Microsoft Visual Studio Solution File, Format Version 12.00
# Visual Studio Version 16
VisualStudioVersion = 16.0.31515.178
MinimumVisualStudioVersion = 10.0.40219.1
Project("{8BC9CEB8-8B4A-11D0-8D11-00A0C91BC942}") = "GroceryList", "GroceryList.vcxproj", "{DDCB753A-67A5-4FCD-9EFD-505F2D53798B}"
EndProject
Global
	GlobalSection(SolutionConfigurationPlatforms) = preSolution
		Debug|x64 = Debug|x64
		Debug|x86 = Debug|x86
		Release|x64 = Release|x64
		Release|x86 = Release|x86
	EndGlobalSection
	GlobalSection(ProjectConfigurationPlatforms) = postSolution
		{DDCB753A-67A5-4FCD-9EFD-505F2D53798B}.Debug|x64.ActiveCfg = Debug|x64
		{DDCB753A-67A5-4FCD-9EFD-505F2D53798B}.Debug|x64.Build.0 = Debug|x64
		{DDCB753A-67A5-4FCD-9EFD-505F2D53798B}.Debug|x86.ActiveCfg = Debug|Win32
		{DDCB753A-67A5-4FCD-9EFD-505F2D53798B}.Debug|x86.Build.0 = Debug|Win32
		{DDCB753A-67A5-4FCD-9EFD-505F2D53798B}.Release|x64.ActiveCfg = Release|x64
		{DDCB753A-67A5-4FCD-9EFD-505F2D53798B}.Release|x64.Build.0 = Release|x64
		{DDCB753A-67A5-4FCD-9EFD-505F2D53798B}.Release|x86.ActiveCfg = Release|Win32
		{DDCB753A-67A5-4FCD-9EFD-505F2D53798B}.Release|x86.Build.0 = Release|Win32
	EndGlobalSection
	GlobalSection(SolutionProperties) = preSolution
		HideSolutionNode = FALSE
	EndGlobalSection
	GlobalSection(ExtensibilityGlobals) = postSolution
		SolutionGuid = {A5DBC321-D283-430E-8210-625FA1FC79F6}
	EndGlobalSection
EndGlobal
