
Microsoft Visual Studio Solution File, Format Version 12.00
# Visual Studio Version 16
VisualStudioVersion = 16.0.30804.86
MinimumVisualStudioVersion = 10.0.40219.1
Project("{8BC9CEB8-8B4A-11D0-8D11-00A0C91BC942}") = "LinkedQueueProject", "LinkedQueueProject.vcxproj", "{439155F0-B781-44D6-93B8-3CD49F39633B}"
EndProject
Global
	GlobalSection(SolutionConfigurationPlatforms) = preSolution
		Debug|x64 = Debug|x64
		Debug|x86 = Debug|x86
		Release|x64 = Release|x64
		Release|x86 = Release|x86
	EndGlobalSection
	GlobalSection(ProjectConfigurationPlatforms) = postSolution
		{439155F0-B781-44D6-93B8-3CD49F39633B}.Debug|x64.ActiveCfg = Debug|x64
		{439155F0-B781-44D6-93B8-3CD49F39633B}.Debug|x64.Build.0 = Debug|x64
		{439155F0-B781-44D6-93B8-3CD49F39633B}.Debug|x86.ActiveCfg = Debug|Win32
		{439155F0-B781-44D6-93B8-3CD49F39633B}.Debug|x86.Build.0 = Debug|Win32
		{439155F0-B781-44D6-93B8-3CD49F39633B}.Release|x64.ActiveCfg = Release|x64
		{439155F0-B781-44D6-93B8-3CD49F39633B}.Release|x64.Build.0 = Release|x64
		{439155F0-B781-44D6-93B8-3CD49F39633B}.Release|x86.ActiveCfg = Release|Win32
		{439155F0-B781-44D6-93B8-3CD49F39633B}.Release|x86.Build.0 = Release|Win32
	EndGlobalSection
	GlobalSection(SolutionProperties) = preSolution
		HideSolutionNode = FALSE
	EndGlobalSection
	GlobalSection(ExtensibilityGlobals) = postSolution
		SolutionGuid = {BCF47615-2C18-4248-9414-F6092F36DD33}
	EndGlobalSection
EndGlobal
