
Microsoft Visual Studio Solution File, Format Version 12.00
# Visual Studio Version 16
VisualStudioVersion = 16.0.30804.86
MinimumVisualStudioVersion = 10.0.40219.1
Project("{8BC9CEB8-8B4A-11D0-8D11-00A0C91BC942}") = "ListStackProject", "ListStackProject.vcxproj", "{04447B47-C121-48EF-B0C2-E11F4D29C073}"
EndProject
Global
	GlobalSection(SolutionConfigurationPlatforms) = preSolution
		Debug|x64 = Debug|x64
		Debug|x86 = Debug|x86
		Release|x64 = Release|x64
		Release|x86 = Release|x86
	EndGlobalSection
	GlobalSection(ProjectConfigurationPlatforms) = postSolution
		{04447B47-C121-48EF-B0C2-E11F4D29C073}.Debug|x64.ActiveCfg = Debug|x64
		{04447B47-C121-48EF-B0C2-E11F4D29C073}.Debug|x64.Build.0 = Debug|x64
		{04447B47-C121-48EF-B0C2-E11F4D29C073}.Debug|x86.ActiveCfg = Debug|Win32
		{04447B47-C121-48EF-B0C2-E11F4D29C073}.Debug|x86.Build.0 = Debug|Win32
		{04447B47-C121-48EF-B0C2-E11F4D29C073}.Release|x64.ActiveCfg = Release|x64
		{04447B47-C121-48EF-B0C2-E11F4D29C073}.Release|x64.Build.0 = Release|x64
		{04447B47-C121-48EF-B0C2-E11F4D29C073}.Release|x86.ActiveCfg = Release|Win32
		{04447B47-C121-48EF-B0C2-E11F4D29C073}.Release|x86.Build.0 = Release|Win32
	EndGlobalSection
	GlobalSection(SolutionProperties) = preSolution
		HideSolutionNode = FALSE
	EndGlobalSection
	GlobalSection(ExtensibilityGlobals) = postSolution
		SolutionGuid = {07DB5A7A-5ECE-4E3C-BA98-9D40D09CC43A}
	EndGlobalSection
EndGlobal
